// !$*UTF8*$!
{
	archiveVersion = 1;
	classes = {
	};
	objectVersion = 46;
	objects = {

/* Begin PBXBuildFile section */
		9F1A46821BC83E09002853B1 /* teams.plist in Resources */ = {isa = PBXBuildFile; fileRef = 9F1A46811BC83E09002853B1 /* teams.plist */; settings = {ASSET_TAGS = (); }; };
		9F8F04141BC6FC19005E78E9 /* AppDelegate.swift in Sources */ = {isa = PBXBuildFile; fileRef = 9F8F04131BC6FC19005E78E9 /* AppDelegate.swift */; };
		9F8F04191BC6FC19005E78E9 /* Main.storyboard in Resources */ = {isa = PBXBuildFile; fileRef = 9F8F04171BC6FC19005E78E9 /* Main.storyboard */; };
		9F8F041B1BC6FC19005E78E9 /* Assets.xcassets in Resources */ = {isa = PBXBuildFile; fileRef = 9F8F041A1BC6FC19005E78E9 /* Assets.xcassets */; };
		9F8F041E1BC6FC19005E78E9 /* LaunchScreen.storyboard in Resources */ = {isa = PBXBuildFile; fileRef = 9F8F041C1BC6FC19005E78E9 /* LaunchScreen.storyboard */; };
		9F8F04261BC6FC8E005E78E9 /* TeamsTableViewController.swift in Sources */ = {isa = PBXBuildFile; fileRef = 9F8F04251BC6FC8E005E78E9 /* TeamsTableViewController.swift */; settings = {ASSET_TAGS = (); }; };
		9FF631BE1BCA745500FB74E4 /* TeamsManager.swift in Sources */ = {isa = PBXBuildFile; fileRef = 9FF631BD1BCA745500FB74E4 /* TeamsManager.swift */; settings = {ASSET_TAGS = (); }; };
		9FF631C01BCA7BDA00FB74E4 /* ScheduleTableViewController.swift in Sources */ = {isa = PBXBuildFile; fileRef = 9FF631BF1BCA7BDA00FB74E4 /* ScheduleTableViewController.swift */; settings = {ASSET_TAGS = (); }; };
		9FF631C21BCA841200FB74E4 /* GameInfoViewController.swift in Sources */ = {isa = PBXBuildFile; fileRef = 9FF631C11BCA841200FB74E4 /* GameInfoViewController.swift */; settings = {ASSET_TAGS = (); }; };
/* End PBXBuildFile section */

/* Begin PBXFileReference section */
		9F1A46811BC83E09002853B1 /* teams.plist */ = {isa = PBXFileReference; fileEncoding = 4; lastKnownFileType = text.plist.xml; path = teams.plist; sourceTree = "<group>"; };
		9F8F04101BC6FC19005E78E9 /* AmericanFootballCards.app */ = {isa = PBXFileReference; explicitFileType = wrapper.application; includeInIndex = 0; path = AmericanFootballCards.app; sourceTree = BUILT_PRODUCTS_DIR; };
		9F8F04131BC6FC19005E78E9 /* AppDelegate.swift */ = {isa = PBXFileReference; lastKnownFileType = sourcecode.swift; path = AppDelegate.swift; sourceTree = "<group>"; };
		9F8F04181BC6FC19005E78E9 /* Base */ = {isa = PBXFileReference; lastKnownFileType = file.storyboard; name = Base; path = Base.lproj/Main.storyboard; sourceTree = "<group>"; };
		9F8F041A1BC6FC19005E78E9 /* Assets.xcassets */ = {isa = PBXFileReference; lastKnownFileType = folder.assetcatalog; path = Assets.xcassets; sourceTree = "<group>"; };
		9F8F041D1BC6FC19005E78E9 /* Base */ = {isa = PBXFileReference; lastKnownFileType = file.storyboard; name = Base; path = Base.lproj/LaunchScreen.storyboard; sourceTree = "<group>"; };
		9F8F041F1BC6FC19005E78E9 /* Info.plist */ = {isa = PBXFileReference; lastKnownFileType = text.plist.xml; path = Info.plist; sourceTree = "<group>"; };
		9F8F04251BC6FC8E005E78E9 /* TeamsTableViewController.swift */ = {isa = PBXFileReference; fileEncoding = 4; lastKnownFileType = sourcecode.swift; path = TeamsTableViewController.swift; sourceTree = "<group>"; };
		9FF631BD1BCA745500FB74E4 /* TeamsManager.swift */ = {isa = PBXFileReference; fileEncoding = 4; lastKnownFileType = sourcecode.swift; path = TeamsManager.swift; sourceTree = "<group>"; };
		9FF631BF1BCA7BDA00FB74E4 /* ScheduleTableViewController.swift */ = {isa = PBXFileReference; fileEncoding = 4; lastKnownFileType = sourcecode.swift; path = ScheduleTableViewController.swift; sourceTree = "<group>"; };
		9FF631C11BCA841200FB74E4 /* GameInfoViewController.swift */ = {isa = PBXFileReference; fileEncoding = 4; lastKnownFileType = sourcecode.swift; path = GameInfoViewController.swift; sourceTree = "<group>"; };
/* End PBXFileReference section */

/* Begin PBXFrameworksBuildPhase section */
		9F8F040D1BC6FC19005E78E9 /* Frameworks */ = {
			isa = PBXFrameworksBuildPhase;
			buildActionMask = 2147483647;
			files = (
			);
			runOnlyForDeploymentPostprocessing = 0;
		};
/* End PBXFrameworksBuildPhase section */

/* Begin PBXGroup section */
		9F8F04071BC6FC19005E78E9 = {
			isa = PBXGroup;
			children = (
				9F8F04121BC6FC19005E78E9 /* AmericanFootballCards */,
				9F8F04111BC6FC19005E78E9 /* Products */,
			);
			sourceTree = "<group>";
		};
		9F8F04111BC6FC19005E78E9 /* Products */ = {
			isa = PBXGroup;
			children = (
				9F8F04101BC6FC19005E78E9 /* AmericanFootballCards.app */,
			);
			name = Products;
			sourceTree = "<group>";
		};
		9F8F04121BC6FC19005E78E9 /* AmericanFootballCards */ = {
			isa = PBXGroup;
			children = (
				9FF631C41BCA882D00FB74E4 /* Other */,
				9FF631C31BCA882000FB74E4 /* Controllers */,
				9FF631BC1BCA743700FB74E4 /* Managers */,
				9F8F04131BC6FC19005E78E9 /* AppDelegate.swift */,
				9F8F04171BC6FC19005E78E9 /* Main.storyboard */,
				9F8F041A1BC6FC19005E78E9 /* Assets.xcassets */,
				9F8F041C1BC6FC19005E78E9 /* LaunchScreen.storyboard */,
				9F8F041F1BC6FC19005E78E9 /* Info.plist */,
			);
			path = AmericanFootballCards;
			sourceTree = "<group>";
		};
		9FF631BC1BCA743700FB74E4 /* Managers */ = {
			isa = PBXGroup;
			children = (
				9FF631BD1BCA745500FB74E4 /* TeamsManager.swift */,
			);
			name = Managers;
			sourceTree = "<group>";
		};
		9FF631C31BCA882000FB74E4 /* Controllers */ = {
			isa = PBXGroup;
			children = (
				9F8F04251BC6FC8E005E78E9 /* TeamsTableViewController.swift */,
				9FF631BF1BCA7BDA00FB74E4 /* ScheduleTableViewController.swift */,
				9FF631C11BCA841200FB74E4 /* GameInfoViewController.swift */,
			);
			name = Controllers;
			sourceTree = "<group>";
		};
		9FF631C41BCA882D00FB74E4 /* Other */ = {
			isa = PBXGroup;
			children = (
				9F1A46811BC83E09002853B1 /* teams.plist */,
			);
			name = Other;
			sourceTree = "<group>";
		};
/* End PBXGroup section */

/* Begin PBXNativeTarget section */
		9F8F040F1BC6FC19005E78E9 /* AmericanFootballCards */ = {
			isa = PBXNativeTarget;
			buildConfigurationList = 9F8F04221BC6FC19005E78E9 /* Build configuration list for PBXNativeTarget "AmericanFootballCards" */;
			buildPhases = (
				9F8F040C1BC6FC19005E78E9 /* Sources */,
				9F8F040D1BC6FC19005E78E9 /* Frameworks */,
				9F8F040E1BC6FC19005E78E9 /* Resources */,
			);
			buildRules = (
			);
			dependencies = (
			);
			name = AmericanFootballCards;
			productName = AmericanFootballCards;
			productReference = 9F8F04101BC6FC19005E78E9 /* AmericanFootballCards.app */;
			productType = "com.apple.product-type.application";
		};
/* End PBXNativeTarget section */

/* Begin PBXProject section */
		9F8F04081BC6FC19005E78E9 /* Project object */ = {
			isa = PBXProject;
			attributes = {
				LastUpgradeCheck = 0700;
				ORGANIZATIONNAME = "Martijn de Vos";
				TargetAttributes = {
					9F8F040F1BC6FC19005E78E9 = {
						CreatedOnToolsVersion = 7.0;
						DevelopmentTeam = 5T9Z3WMJ28;
					};
				};
			};
			buildConfigurationList = 9F8F040B1BC6FC19005E78E9 /* Build configuration list for PBXProject "AmericanFootballCards" */;
			compatibilityVersion = "Xcode 3.2";
			developmentRegion = English;
			hasScannedForEncodings = 0;
			knownRegions = (
				en,
				Base,
			);
			mainGroup = 9F8F04071BC6FC19005E78E9;
			productRefGroup = 9F8F04111BC6FC19005E78E9 /* Products */;
			projectDirPath = "";
			projectRoot = "";
			targets = (
				9F8F040F1BC6FC19005E78E9 /* AmericanFootballCards */,
			);
		};
/* End PBXProject section */

/* Begin PBXResourcesBuildPhase section */
		9F8F040E1BC6FC19005E78E9 /* Resources */ = {
			isa = PBXResourcesBuildPhase;
			buildActionMask = 2147483647;
			files = (
				9F8F041E1BC6FC19005E78E9 /* LaunchScreen.storyboard in Resources */,
				9F8F041B1BC6FC19005E78E9 /* Assets.xcassets in Resources */,
				9F8F04191BC6FC19005E78E9 /* Main.storyboard in Resources */,
				9F1A46821BC83E09002853B1 /* teams.plist in Resources */,
			);
			runOnlyForDeploymentPostprocessing = 0;
		};
/* End PBXResourcesBuildPhase section */

/* Begin PBXSourcesBuildPhase section */
		9F8F040C1BC6FC19005E78E9 /* Sources */ = {
			isa = PBXSourcesBuildPhase;
			buildActionMask = 2147483647;
			files = (
				9FF631C01BCA7BDA00FB74E4 /* ScheduleTableViewController.swift in Sources */,
				9FF631BE1BCA745500FB74E4 /* TeamsManager.swift in Sources */,
				9F8F04261BC6FC8E005E78E9 /* TeamsTableViewController.swift in Sources */,
				9F8F04141BC6FC19005E78E9 /* AppDelegate.swift in Sources */,
				9FF631C21BCA841200FB74E4 /* GameInfoViewController.swift in Sources */,
			);
			runOnlyForDeploymentPostprocessing = 0;
		};
/* End PBXSourcesBuildPhase section */

/* Begin PBXVariantGroup section */
		9F8F04171BC6FC19005E78E9 /* Main.storyboard */ = {
			isa = PBXVariantGroup;
			children = (
				9F8F04181BC6FC19005E78E9 /* Base */,
			);
			name = Main.storyboard;
			sourceTree = "<group>";
		};
		9F8F041C1BC6FC19005E78E9 /* LaunchScreen.storyboard */ = {
			isa = PBXVariantGroup;
			children = (
				9F8F041D1BC6FC19005E78E9 /* Base */,
			);
			name = LaunchScreen.storyboard;
			sourceTree = "<group>";
		};
/* End PBXVariantGroup section */

/* Begin XCBuildConfiguration section */
		9F8F04201BC6FC19005E78E9 /* Debug */ = {
			isa = XCBuildConfiguration;
			buildSettings = {
				ALWAYS_SEARCH_USER_PATHS = NO;
				CLANG_CXX_LANGUAGE_STANDARD = "gnu++0x";
				CLANG_CXX_LIBRARY = "libc++";
				CLANG_ENABLE_MODULES = YES;
				CLANG_ENABLE_OBJC_ARC = YES;
				CLANG_WARN_BOOL_CONVERSION = YES;
				CLANG_WARN_CONSTANT_CONVERSION = YES;
				CLANG_WARN_DIRECT_OBJC_ISA_USAGE = YES_ERROR;
				CLANG_WARN_EMPTY_BODY = YES;
				CLANG_WARN_ENUM_CONVERSION = YES;
				CLANG_WARN_INT_CONVERSION = YES;
				CLANG_WARN_OBJC_ROOT_CLASS = YES_ERROR;
				CLANG_WARN_UNREACHABLE_CODE = YES;
				CLANG_WARN__DUPLICATE_METHOD_MATCH = YES;
				"CODE_SIGN_IDENTITY[sdk=iphoneos*]" = "iPhone Developer";
				COPY_PHASE_STRIP = NO;
				DEBUG_INFORMATION_FORMAT = dwarf;
				ENABLE_STRICT_OBJC_MSGSEND = YES;
				ENABLE_TESTABILITY = YES;
				GCC_C_LANGUAGE_STANDARD = gnu99;
				GCC_DYNAMIC_NO_PIC = NO;
				GCC_NO_COMMON_BLOCKS = YES;
				GCC_OPTIMIZATION_LEVEL = 0;
				GCC_PREPROCESSOR_DEFINITIONS = (
					"DEBUG=1",
					"$(inherited)",
				);
				GCC_WARN_64_TO_32_BIT_CONVERSION = YES;
				GCC_WARN_ABOUT_RETURN_TYPE = YES_ERROR;
				GCC_WARN_UNDECLARED_SELECTOR = YES;
				GCC_WARN_UNINITIALIZED_AUTOS = YES_AGGRESSIVE;
				GCC_WARN_UNUSED_FUNCTION = YES;
				GCC_WARN_UNUSED_VARIABLE = YES;
				IPHONEOS_DEPLOYMENT_TARGET = 9.0;
				MTL_ENABLE_DEBUG_INFO = YES;
				ONLY_ACTIVE_ARCH = YES;
				SDKROOT = iphoneos;
				SWIFT_OPTIMIZATION_LEVEL = "-Onone";
				TARGETED_DEVICE_FAMILY = "1,2";
			};
			name = Debug;
		};
		9F8F04211BC6FC19005E78E9 /* Release */ = {
			isa = XCBuildConfiguration;
			buildSettings = {
				ALWAYS_SEARCH_USER_PATHS = NO;
				CLANG_CXX_LANGUAGE_STANDARD = "gnu++0x";
				CLANG_CXX_LIBRARY = "libc++";
				CLANG_ENABLE_MODULES = YES;
				CLANG_ENABLE_OBJC_ARC = YES;
				CLANG_WARN_BOOL_CONVERSION = YES;
				CLANG_WARN_CONSTANT_CONVERSION = YES;
				CLANG_WARN_DIRECT_OBJC_ISA_USAGE = YES_ERROR;
				CLANG_WARN_EMPTY_BODY = YES;
				CLANG_WARN_ENUM_CONVERSION = YES;
				CLANG_WARN_INT_CONVERSION = YES;
				CLANG_WARN_OBJC_ROOT_CLASS = YES_ERROR;
				CLANG_WARN_UNREACHABLE_CODE = YES;
				CLANG_WARN__DUPLICATE_METHOD_MATCH = YES;
				"CODE_SIGN_IDENTITY[sdk=iphoneos*]" = "iPhone Developer";
				COPY_PHASE_STRIP = NO;
				DEBUG_INFORMATION_FORMAT = "dwarf-with-dsym";
				ENABLE_NS_ASSERTIONS = NO;
				ENABLE_STRICT_OBJC_MSGSEND = YES;
				GCC_C_LANGUAGE_STANDARD = gnu99;
				GCC_NO_COMMON_BLOCKS = YES;
				GCC_WARN_64_TO_32_BIT_CONVERSION = YES;
				GCC_WARN_ABOUT_RETURN_TYPE = YES_ERROR;
				GCC_WARN_UNDECLARED_SELECTOR = YES;
				GCC_WARN_UNINITIALIZED_AUTOS = YES_AGGRESSIVE;
				GCC_WARN_UNUSED_FUNCTION = YES;
				GCC_WARN_UNUSED_VARIABLE = YES;
				IPHONEOS_DEPLOYMENT_TARGET = 9.0;
				MTL_ENABLE_DEBUG_INFO = NO;
				SDKROOT = iphoneos;
				TARGETED_DEVICE_FAMILY = "1,2";
				VALIDATE_PRODUCT = YES;
			};
			name = Release;
		};
		9F8F04231BC6FC19005E78E9 /* Debug */ = {
			isa = XCBuildConfiguration;
			buildSettings = {
				ASSETCATALOG_COMPILER_APPICON_NAME = AppIcon;
				CODE_SIGN_IDENTITY = "iPhone Developer";
				INFOPLIST_FILE = AmericanFootballCards/Info.plist;
				LD_RUNPATH_SEARCH_PATHS = "$(inherited) @executable_path/Frameworks";
				PRODUCT_BUNDLE_IDENTIFIER = nl.codeup.AmericanFootballCards;
				PRODUCT_NAME = "$(TARGET_NAME)";
			};
			name = Debug;
		};
		9F8F04241BC6FC19005E78E9 /* Release */ = {
			isa = XCBuildConfiguration;
			buildSettings = {
				ASSETCATALOG_COMPILER_APPICON_NAME = AppIcon;
				CODE_SIGN_IDENTITY = "iPhone Developer";
				INFOPLIST_FILE = AmericanFootballCards/Info.plist;
				LD_RUNPATH_SEARCH_PATHS = "$(inherited) @executable_path/Frameworks";
				PRODUCT_BUNDLE_IDENTIFIER = nl.codeup.AmericanFootballCards;
				PRODUCT_NAME = "$(TARGET_NAME)";
			};
			name = Release;
		};
/* End XCBuildConfiguration section */

/* Begin XCConfigurationList section */
		9F8F040B1BC6FC19005E78E9 /* Build configuration list for PBXProject "AmericanFootballCards" */ = {
			isa = XCConfigurationList;
			buildConfigurations = (
				9F8F04201BC6FC19005E78E9 /* Debug */,
				9F8F04211BC6FC19005E78E9 /* Release */,
			);
			defaultConfigurationIsVisible = 0;
			defaultConfigurationName = Release;
		};
		9F8F04221BC6FC19005E78E9 /* Build configuration list for PBXNativeTarget "AmericanFootballCards" */ = {
			isa = XCConfigurationList;
			buildConfigurations = (
				9F8F04231BC6FC19005E78E9 /* Debug */,
				9F8F04241BC6FC19005E78E9 /* Release */,
			);
			defaultConfigurationIsVisible = 0;
			defaultConfigurationName = Release;
		};
/* End XCConfigurationList section */
	};
	rootObject = 9F8F04081BC6FC19005E78E9 /* Project object */;
}
